
Microsoft Visual Studio Solution File, Format Version 12.00
# Visual Studio Version 17
VisualStudioVersion = 17.6.33815.320
MinimumVisualStudioVersion = 10.0.40219.1
Project("{8BC9CEB8-8B4A-11D0-8D11-00A0C91BC942}") = "sk8", "sk8.vcxproj", "{C8B543E0-EC3A-4E32-A893-31496242E1E3}"
EndProject
Global
	GlobalSection(SolutionConfigurationPlatforms) = preSolution
		Debug (optimization off)|Win32 = Debug (optimization off)|Win32
		Debug (optimization off)|x64 = Debug (optimization off)|x64
		Debug (windowed)|Win32 = Debug (windowed)|Win32
		Debug (windowed)|x64 = Debug (windowed)|x64
		Release (fullscreen)|Win32 = Release (fullscreen)|Win32
		Release (fullscreen)|x64 = Release (fullscreen)|x64
		Test release (fullscreen)|Win32 = Test release (fullscreen)|Win32
		Test release (fullscreen)|x64 = Test release (fullscreen)|x64
	EndGlobalSection
	GlobalSection(ProjectConfigurationPlatforms) = postSolution
		{C8B543E0-EC3A-4E32-A893-31496242E1E3}.Debug (optimization off)|Win32.ActiveCfg = Debug (optimization off)|Win32
		{C8B543E0-EC3A-4E32-A893-31496242E1E3}.Debug (optimization off)|Win32.Build.0 = Debug (optimization off)|Win32
		{C8B543E0-EC3A-4E32-A893-31496242E1E3}.Debug (optimization off)|x64.ActiveCfg = Debug (optimization off)|Win32
		{C8B543E0-EC3A-4E32-A893-31496242E1E3}.Debug (optimization off)|x64.Build.0 = Debug (optimization off)|Win32
		{C8B543E0-EC3A-4E32-A893-31496242E1E3}.Debug (windowed)|Win32.ActiveCfg = Debug (windowed)|Win32
		{C8B543E0-EC3A-4E32-A893-31496242E1E3}.Debug (windowed)|Win32.Build.0 = Debug (windowed)|Win32
		{C8B543E0-EC3A-4E32-A893-31496242E1E3}.Debug (windowed)|x64.ActiveCfg = Debug (windowed)|Win32
		{C8B543E0-EC3A-4E32-A893-31496242E1E3}.Debug (windowed)|x64.Build.0 = Debug (windowed)|Win32
		{C8B543E0-EC3A-4E32-A893-31496242E1E3}.Release (fullscreen)|Win32.ActiveCfg = Release|Win32
		{C8B543E0-EC3A-4E32-A893-31496242E1E3}.Release (fullscreen)|Win32.Build.0 = Release|Win32
		{C8B543E0-EC3A-4E32-A893-31496242E1E3}.Release (fullscreen)|x64.ActiveCfg = Release|x64
		{C8B543E0-EC3A-4E32-A893-31496242E1E3}.Release (fullscreen)|x64.Build.0 = Release|x64
		{C8B543E0-EC3A-4E32-A893-31496242E1E3}.Test release (fullscreen)|Win32.ActiveCfg = Test release (fullscreen)|Win32
		{C8B543E0-EC3A-4E32-A893-31496242E1E3}.Test release (fullscreen)|Win32.Build.0 = Test release (fullscreen)|Win32
		{C8B543E0-EC3A-4E32-A893-31496242E1E3}.Test release (fullscreen)|x64.ActiveCfg = Test release (fullscreen)|Win32
		{C8B543E0-EC3A-4E32-A893-31496242E1E3}.Test release (fullscreen)|x64.Build.0 = Test release (fullscreen)|Win32
	EndGlobalSection
	GlobalSection(SolutionProperties) = preSolution
		HideSolutionNode = FALSE
	EndGlobalSection
	GlobalSection(ExtensibilityGlobals) = postSolution
		SolutionGuid = {B615DAE7-6E89-4577-8671-BC4DBA9C42DE}
	EndGlobalSection
EndGlobal
